
Microsoft Visual Studio Solution File, Format Version 12.00
# Visual Studio 15
VisualStudioVersion = 15.0.28307.136
MinimumVisualStudioVersion = 10.0.40219.1
Project("{FAE04EC0-301F-11D3-BF4B-00C04F79EFBC}") = "store", "store\store.csproj", "{FB04A453-4887-42FD-A513-A8CEA2693B48}"
EndProject
Global
	GlobalSection(SolutionConfigurationPlatforms) = preSolution
		Debug|Any CPU = Debug|Any CPU
		Release|Any CPU = Release|Any CPU
	EndGlobalSection
	GlobalSection(ProjectConfigurationPlatforms) = postSolution
		{FB04A453-4887-42FD-A513-A8CEA2693B48}.Debug|Any CPU.ActiveCfg = Debug|Any CPU
		{FB04A453-4887-42FD-A513-A8CEA2693B48}.Debug|Any CPU.Build.0 = Debug|Any CPU
		{FB04A453-4887-42FD-A513-A8CEA2693B48}.Release|Any CPU.ActiveCfg = Release|Any CPU
		{FB04A453-4887-42FD-A513-A8CEA2693B48}.Release|Any CPU.Build.0 = Release|Any CPU
	EndGlobalSection
	GlobalSection(SolutionProperties) = preSolution
		HideSolutionNode = FALSE
	EndGlobalSection
	GlobalSection(ExtensibilityGlobals) = postSolution
		SolutionGuid = {CDC85AD4-156C-426D-800D-8D0D3D0FC809}
	EndGlobalSection
EndGlobal
